// !$*UTF8*$!
{
	archiveVersion = 1;
	classes = {
	};
	objectVersion = 51;
	objects = {

/* Begin PBXBuildFile section */
		29A868A83C31E3E77FE86AB5 /* Pods_Popcorn_PopcornUITests.framework in Frameworks */ = {isa = PBXBuildFile; fileRef = 7AB60D9E303815A5F6BFF971 /* Pods_Popcorn_PopcornUITests.framework */; };
		3C9B90471824E71B9AFEC542 /* Pods_PopcornTests.framework in Frameworks */ = {isa = PBXBuildFile; fileRef = 3A70CC5419AD65459A58F8F7 /* Pods_PopcornTests.framework */; };
		4749428D237A0975005B7A05 /* Main.storyboard in Resources */ = {isa = PBXBuildFile; fileRef = 4749428C237A0975005B7A05 /* Main.storyboard */; };
		4749428F237A0DE5005B7A05 /* PopcornVC.swift in Sources */ = {isa = PBXBuildFile; fileRef = 4749428E237A0DE5005B7A05 /* PopcornVC.swift */; };
		474942B1237A14BE005B7A05 /* SceneDelegate.swift in Sources */ = {isa = PBXBuildFile; fileRef = 474942B0237A14BE005B7A05 /* SceneDelegate.swift */; };
		474942B3237A26CE005B7A05 /* CategoryRow.swift in Sources */ = {isa = PBXBuildFile; fileRef = 474942B2237A26CE005B7A05 /* CategoryRow.swift */; };
		474942B5237A364F005B7A05 /* MovieCell.swift in Sources */ = {isa = PBXBuildFile; fileRef = 474942B4237A364F005B7A05 /* MovieCell.swift */; };
		47DA4B312378A75F005C5280 /* AppDelegate.swift in Sources */ = {isa = PBXBuildFile; fileRef = 47DA4B302378A75F005C5280 /* AppDelegate.swift */; };
		47DA4B372378A760005C5280 /* Assets.xcassets in Resources */ = {isa = PBXBuildFile; fileRef = 47DA4B362378A760005C5280 /* Assets.xcassets */; };
		47DA4B3D2378A760005C5280 /* LaunchScreen.storyboard in Resources */ = {isa = PBXBuildFile; fileRef = 47DA4B3B2378A760005C5280 /* LaunchScreen.storyboard */; };
		47DA4B532378A760005C5280 /* PopcornUITests.swift in Sources */ = {isa = PBXBuildFile; fileRef = 47DA4B522378A760005C5280 /* PopcornUITests.swift */; };
		47DA4B642378AC1E005C5280 /* MovieModelTest.swift in Sources */ = {isa = PBXBuildFile; fileRef = 47DA4B632378AC1E005C5280 /* MovieModelTest.swift */; };
		47DA4B662378AD2E005C5280 /* Movie.swift in Sources */ = {isa = PBXBuildFile; fileRef = 47DA4B652378AD2E005C5280 /* Movie.swift */; };
		47DA4B682378ADAA005C5280 /* MovieProtocol.swift in Sources */ = {isa = PBXBuildFile; fileRef = 47DA4B672378ADAA005C5280 /* MovieProtocol.swift */; };
		47DA4B6B2378D30D005C5280 /* MovieApiProtocol.swift in Sources */ = {isa = PBXBuildFile; fileRef = 47DA4B6A2378D30D005C5280 /* MovieApiProtocol.swift */; };
		47DA4B6D2378D348005C5280 /* MovieApiTest.swift in Sources */ = {isa = PBXBuildFile; fileRef = 47DA4B6C2378D348005C5280 /* MovieApiTest.swift */; };
		47DA4B6F2378D38D005C5280 /* MovieApi.swift in Sources */ = {isa = PBXBuildFile; fileRef = 47DA4B6E2378D38D005C5280 /* MovieApi.swift */; };
		47DA4B742378D808005C5280 /* constants.swift in Sources */ = {isa = PBXBuildFile; fileRef = 47DA4B732378D808005C5280 /* constants.swift */; };
		C9F5378D7EA2FD58E8AA015C /* Pods_Popcorn.framework in Frameworks */ = {isa = PBXBuildFile; fileRef = B6E9B15107F54AF6D0DE8631 /* Pods_Popcorn.framework */; };
/* End PBXBuildFile section */

/* Begin PBXContainerItemProxy section */
		47DA4B442378A760005C5280 /* PBXContainerItemProxy */ = {
			isa = PBXContainerItemProxy;
			containerPortal = 47DA4B252378A75F005C5280 /* Project object */;
			proxyType = 1;
			remoteGlobalIDString = 47DA4B2C2378A75F005C5280;
			remoteInfo = Popcorn;
		};
		47DA4B4F2378A760005C5280 /* PBXContainerItemProxy */ = {
			isa = PBXContainerItemProxy;
			containerPortal = 47DA4B252378A75F005C5280 /* Project object */;
			proxyType = 1;
			remoteGlobalIDString = 47DA4B2C2378A75F005C5280;
			remoteInfo = Popcorn;
		};
/* End PBXContainerItemProxy section */

/* Begin PBXFileReference section */
		3A70CC5419AD65459A58F8F7 /* Pods_PopcornTests.framework */ = {isa = PBXFileReference; explicitFileType = wrapper.framework; includeInIndex = 0; path = Pods_PopcornTests.framework; sourceTree = BUILT_PRODUCTS_DIR; };
		4749428C237A0975005B7A05 /* Main.storyboard */ = {isa = PBXFileReference; lastKnownFileType = file.storyboard; path = Main.storyboard; sourceTree = "<group>"; };
		4749428E237A0DE5005B7A05 /* PopcornVC.swift */ = {isa = PBXFileReference; lastKnownFileType = sourcecode.swift; path = PopcornVC.swift; sourceTree = "<group>"; };
		474942B0237A14BE005B7A05 /* SceneDelegate.swift */ = {isa = PBXFileReference; lastKnownFileType = sourcecode.swift; path = SceneDelegate.swift; sourceTree = "<group>"; };
		474942B2237A26CE005B7A05 /* CategoryRow.swift */ = {isa = PBXFileReference; lastKnownFileType = sourcecode.swift; path = CategoryRow.swift; sourceTree = "<group>"; };
		474942B4237A364F005B7A05 /* MovieCell.swift */ = {isa = PBXFileReference; lastKnownFileType = sourcecode.swift; path = MovieCell.swift; sourceTree = "<group>"; };
		47DA4B2D2378A75F005C5280 /* Popcorn.app */ = {isa = PBXFileReference; explicitFileType = wrapper.application; includeInIndex = 0; path = Popcorn.app; sourceTree = BUILT_PRODUCTS_DIR; };
		47DA4B302378A75F005C5280 /* AppDelegate.swift */ = {isa = PBXFileReference; lastKnownFileType = sourcecode.swift; path = AppDelegate.swift; sourceTree = "<group>"; };
		47DA4B362378A760005C5280 /* Assets.xcassets */ = {isa = PBXFileReference; lastKnownFileType = folder.assetcatalog; path = Assets.xcassets; sourceTree = "<group>"; };
		47DA4B3C2378A760005C5280 /* Base */ = {isa = PBXFileReference; lastKnownFileType = file.storyboard; name = Base; path = Base.lproj/LaunchScreen.storyboard; sourceTree = "<group>"; };
		47DA4B3E2378A760005C5280 /* Info.plist */ = {isa = PBXFileReference; lastKnownFileType = text.plist.xml; path = Info.plist; sourceTree = "<group>"; };
		47DA4B432378A760005C5280 /* PopcornTests.xctest */ = {isa = PBXFileReference; explicitFileType = wrapper.cfbundle; includeInIndex = 0; path = PopcornTests.xctest; sourceTree = BUILT_PRODUCTS_DIR; };
		47DA4B492378A760005C5280 /* Info.plist */ = {isa = PBXFileReference; lastKnownFileType = text.plist.xml; path = Info.plist; sourceTree = "<group>"; };
		47DA4B4E2378A760005C5280 /* PopcornUITests.xctest */ = {isa = PBXFileReference; explicitFileType = wrapper.cfbundle; includeInIndex = 0; path = PopcornUITests.xctest; sourceTree = BUILT_PRODUCTS_DIR; };
		47DA4B522378A760005C5280 /* PopcornUITests.swift */ = {isa = PBXFileReference; lastKnownFileType = sourcecode.swift; path = PopcornUITests.swift; sourceTree = "<group>"; };
		47DA4B542378A760005C5280 /* Info.plist */ = {isa = PBXFileReference; lastKnownFileType = text.plist.xml; path = Info.plist; sourceTree = "<group>"; };
		47DA4B632378AC1E005C5280 /* MovieModelTest.swift */ = {isa = PBXFileReference; lastKnownFileType = sourcecode.swift; path = MovieModelTest.swift; sourceTree = "<group>"; };
		47DA4B652378AD2E005C5280 /* Movie.swift */ = {isa = PBXFileReference; lastKnownFileType = sourcecode.swift; path = Movie.swift; sourceTree = "<group>"; };
		47DA4B672378ADAA005C5280 /* MovieProtocol.swift */ = {isa = PBXFileReference; lastKnownFileType = sourcecode.swift; path = MovieProtocol.swift; sourceTree = "<group>"; };
		47DA4B6A2378D30D005C5280 /* MovieApiProtocol.swift */ = {isa = PBXFileReference; lastKnownFileType = sourcecode.swift; path = MovieApiProtocol.swift; sourceTree = "<group>"; };
		47DA4B6C2378D348005C5280 /* MovieApiTest.swift */ = {isa = PBXFileReference; lastKnownFileType = sourcecode.swift; path = MovieApiTest.swift; sourceTree = "<group>"; };
		47DA4B6E2378D38D005C5280 /* MovieApi.swift */ = {isa = PBXFileReference; lastKnownFileType = sourcecode.swift; path = MovieApi.swift; sourceTree = "<group>"; };
		47DA4B732378D808005C5280 /* constants.swift */ = {isa = PBXFileReference; lastKnownFileType = sourcecode.swift; path = constants.swift; sourceTree = "<group>"; };
		7A39A0A7A9B28EBD93EB6664 /* Pods-Popcorn-PopcornUITests.release.xcconfig */ = {isa = PBXFileReference; includeInIndex = 1; lastKnownFileType = text.xcconfig; name = "Pods-Popcorn-PopcornUITests.release.xcconfig"; path = "Target Support Files/Pods-Popcorn-PopcornUITests/Pods-Popcorn-PopcornUITests.release.xcconfig"; sourceTree = "<group>"; };
		7AB60D9E303815A5F6BFF971 /* Pods_Popcorn_PopcornUITests.framework */ = {isa = PBXFileReference; explicitFileType = wrapper.framework; includeInIndex = 0; path = Pods_Popcorn_PopcornUITests.framework; sourceTree = BUILT_PRODUCTS_DIR; };
		823EDF94CBEB0A25D354B651 /* Pods-PopcornTests.release.xcconfig */ = {isa = PBXFileReference; includeInIndex = 1; lastKnownFileType = text.xcconfig; name = "Pods-PopcornTests.release.xcconfig"; path = "Target Support Files/Pods-PopcornTests/Pods-PopcornTests.release.xcconfig"; sourceTree = "<group>"; };
		85D0AE52EECEF8AE477CD9C3 /* Pods-Popcorn-PopcornUITests.debug.xcconfig */ = {isa = PBXFileReference; includeInIndex = 1; lastKnownFileType = text.xcconfig; name = "Pods-Popcorn-PopcornUITests.debug.xcconfig"; path = "Target Support Files/Pods-Popcorn-PopcornUITests/Pods-Popcorn-PopcornUITests.debug.xcconfig"; sourceTree = "<group>"; };
		AA974E0C72C48E2D3CDA60A2 /* Pods-PopcornTests.debug.xcconfig */ = {isa = PBXFileReference; includeInIndex = 1; lastKnownFileType = text.xcconfig; name = "Pods-PopcornTests.debug.xcconfig"; path = "Target Support Files/Pods-PopcornTests/Pods-PopcornTests.debug.xcconfig"; sourceTree = "<group>"; };
		B26D98F650AC11B7EBC9A082 /* Pods-Popcorn.release.xcconfig */ = {isa = PBXFileReference; includeInIndex = 1; lastKnownFileType = text.xcconfig; name = "Pods-Popcorn.release.xcconfig"; path = "Target Support Files/Pods-Popcorn/Pods-Popcorn.release.xcconfig"; sourceTree = "<group>"; };
		B6E9B15107F54AF6D0DE8631 /* Pods_Popcorn.framework */ = {isa = PBXFileReference; explicitFileType = wrapper.framework; includeInIndex = 0; path = Pods_Popcorn.framework; sourceTree = BUILT_PRODUCTS_DIR; };
		C9FF73D4A5D54C28CD2C02F6 /* Pods-Popcorn.debug.xcconfig */ = {isa = PBXFileReference; includeInIndex = 1; lastKnownFileType = text.xcconfig; name = "Pods-Popcorn.debug.xcconfig"; path = "Target Support Files/Pods-Popcorn/Pods-Popcorn.debug.xcconfig"; sourceTree = "<group>"; };
/* End PBXFileReference section */

/* Begin PBXFrameworksBuildPhase section */
		47DA4B2A2378A75F005C5280 /* Frameworks */ = {
			isa = PBXFrameworksBuildPhase;
			buildActionMask = 2147483647;
			files = (
				C9F5378D7EA2FD58E8AA015C /* Pods_Popcorn.framework in Frameworks */,
			);
			runOnlyForDeploymentPostprocessing = 0;
		};
		47DA4B402378A760005C5280 /* Frameworks */ = {
			isa = PBXFrameworksBuildPhase;
			buildActionMask = 2147483647;
			files = (
				3C9B90471824E71B9AFEC542 /* Pods_PopcornTests.framework in Frameworks */,
			);
			runOnlyForDeploymentPostprocessing = 0;
		};
		47DA4B4B2378A760005C5280 /* Frameworks */ = {
			isa = PBXFrameworksBuildPhase;
			buildActionMask = 2147483647;
			files = (
				29A868A83C31E3E77FE86AB5 /* Pods_Popcorn_PopcornUITests.framework in Frameworks */,
			);
			runOnlyForDeploymentPostprocessing = 0;
		};
/* End PBXFrameworksBuildPhase section */

/* Begin PBXGroup section */
		47DA4B242378A75F005C5280 = {
			isa = PBXGroup;
			children = (
				47DA4B2F2378A75F005C5280 /* Popcorn */,
				47DA4B462378A760005C5280 /* PopcornTests */,
				47DA4B512378A760005C5280 /* PopcornUITests */,
				47DA4B2E2378A75F005C5280 /* Products */,
				CF1C90D2C2463BD76A420208 /* Pods */,
				C3E14EE5D98B9628C5D19616 /* Frameworks */,
			);
			sourceTree = "<group>";
		};
		47DA4B2E2378A75F005C5280 /* Products */ = {
			isa = PBXGroup;
			children = (
				47DA4B2D2378A75F005C5280 /* Popcorn.app */,
				47DA4B432378A760005C5280 /* PopcornTests.xctest */,
				47DA4B4E2378A760005C5280 /* PopcornUITests.xctest */,
			);
			name = Products;
			sourceTree = "<group>";
		};
		47DA4B2F2378A75F005C5280 /* Popcorn */ = {
			isa = PBXGroup;
			children = (
				47DA4B692378BCF9005C5280 /* Networking */,
				47DA4B622378A966005C5280 /* Controller */,
				47DA4B612378A960005C5280 /* View */,
				47DA4B602378A958005C5280 /* Model */,
				47DA4B302378A75F005C5280 /* AppDelegate.swift */,
				47DA4B362378A760005C5280 /* Assets.xcassets */,
				4749428C237A0975005B7A05 /* Main.storyboard */,
				47DA4B3B2378A760005C5280 /* LaunchScreen.storyboard */,
				47DA4B3E2378A760005C5280 /* Info.plist */,
				47DA4B732378D808005C5280 /* constants.swift */,
				474942B0237A14BE005B7A05 /* SceneDelegate.swift */,
			);
			path = Popcorn;
			sourceTree = "<group>";
		};
		47DA4B462378A760005C5280 /* PopcornTests */ = {
			isa = PBXGroup;
			children = (
				47DA4B492378A760005C5280 /* Info.plist */,
				47DA4B632378AC1E005C5280 /* MovieModelTest.swift */,
				47DA4B6C2378D348005C5280 /* MovieApiTest.swift */,
			);
			path = PopcornTests;
			sourceTree = "<group>";
		};
		47DA4B512378A760005C5280 /* PopcornUITests */ = {
			isa = PBXGroup;
			children = (
				47DA4B522378A760005C5280 /* PopcornUITests.swift */,
				47DA4B542378A760005C5280 /* Info.plist */,
			);
			path = PopcornUITests;
			sourceTree = "<group>";
		};
		47DA4B602378A958005C5280 /* Model */ = {
			isa = PBXGroup;
			children = (
				47DA4B652378AD2E005C5280 /* Movie.swift */,
				47DA4B672378ADAA005C5280 /* MovieProtocol.swift */,
			);
			path = Model;
			sourceTree = "<group>";
		};
		47DA4B612378A960005C5280 /* View */ = {
			isa = PBXGroup;
			children = (
				474942B2237A26CE005B7A05 /* CategoryRow.swift */,
				474942B4237A364F005B7A05 /* MovieCell.swift */,
			);
			path = View;
			sourceTree = "<group>";
		};
		47DA4B622378A966005C5280 /* Controller */ = {
			isa = PBXGroup;
			children = (
				4749428E237A0DE5005B7A05 /* PopcornVC.swift */,
			);
			path = Controller;
			sourceTree = "<group>";
		};
		47DA4B692378BCF9005C5280 /* Networking */ = {
			isa = PBXGroup;
			children = (
				47DA4B6A2378D30D005C5280 /* MovieApiProtocol.swift */,
				47DA4B6E2378D38D005C5280 /* MovieApi.swift */,
			);
			path = Networking;
			sourceTree = "<group>";
		};
		C3E14EE5D98B9628C5D19616 /* Frameworks */ = {
			isa = PBXGroup;
			children = (
				B6E9B15107F54AF6D0DE8631 /* Pods_Popcorn.framework */,
				7AB60D9E303815A5F6BFF971 /* Pods_Popcorn_PopcornUITests.framework */,
				3A70CC5419AD65459A58F8F7 /* Pods_PopcornTests.framework */,
			);
			name = Frameworks;
			sourceTree = "<group>";
		};
		CF1C90D2C2463BD76A420208 /* Pods */ = {
			isa = PBXGroup;
			children = (
				C9FF73D4A5D54C28CD2C02F6 /* Pods-Popcorn.debug.xcconfig */,
				B26D98F650AC11B7EBC9A082 /* Pods-Popcorn.release.xcconfig */,
				85D0AE52EECEF8AE477CD9C3 /* Pods-Popcorn-PopcornUITests.debug.xcconfig */,
				7A39A0A7A9B28EBD93EB6664 /* Pods-Popcorn-PopcornUITests.release.xcconfig */,
				AA974E0C72C48E2D3CDA60A2 /* Pods-PopcornTests.debug.xcconfig */,
				823EDF94CBEB0A25D354B651 /* Pods-PopcornTests.release.xcconfig */,
			);
			path = Pods;
			sourceTree = "<group>";
		};
/* End PBXGroup section */

/* Begin PBXNativeTarget section */
		47DA4B2C2378A75F005C5280 /* Popcorn */ = {
			isa = PBXNativeTarget;
			buildConfigurationList = 47DA4B572378A760005C5280 /* Build configuration list for PBXNativeTarget "Popcorn" */;
			buildPhases = (
				12CABA109646EFF834CE2B8A /* [CP] Check Pods Manifest.lock */,
				47DA4B292378A75F005C5280 /* Sources */,
				47DA4B2A2378A75F005C5280 /* Frameworks */,
				47DA4B2B2378A75F005C5280 /* Resources */,
				BAF53FBE19ACF033A8019DD7 /* [CP] Embed Pods Frameworks */,
			);
			buildRules = (
			);
			dependencies = (
			);
			name = Popcorn;
			productName = Popcorn;
			productReference = 47DA4B2D2378A75F005C5280 /* Popcorn.app */;
			productType = "com.apple.product-type.application";
		};
		47DA4B422378A760005C5280 /* PopcornTests */ = {
			isa = PBXNativeTarget;
			buildConfigurationList = 47DA4B5A2378A760005C5280 /* Build configuration list for PBXNativeTarget "PopcornTests" */;
			buildPhases = (
				F772C9EE38D638B687B3DA3E /* [CP] Check Pods Manifest.lock */,
				47DA4B3F2378A760005C5280 /* Sources */,
				47DA4B402378A760005C5280 /* Frameworks */,
				47DA4B412378A760005C5280 /* Resources */,
			);
			buildRules = (
			);
			dependencies = (
				47DA4B452378A760005C5280 /* PBXTargetDependency */,
			);
			name = PopcornTests;
			productName = PopcornTests;
			productReference = 47DA4B432378A760005C5280 /* PopcornTests.xctest */;
			productType = "com.apple.product-type.bundle.unit-test";
		};
		47DA4B4D2378A760005C5280 /* PopcornUITests */ = {
			isa = PBXNativeTarget;
			buildConfigurationList = 47DA4B5D2378A760005C5280 /* Build configuration list for PBXNativeTarget "PopcornUITests" */;
			buildPhases = (
				F6323BA99DE6AC2FB5B52706 /* [CP] Check Pods Manifest.lock */,
				47DA4B4A2378A760005C5280 /* Sources */,
				47DA4B4B2378A760005C5280 /* Frameworks */,
				47DA4B4C2378A760005C5280 /* Resources */,
				2B81E19537D03FA8940811CF /* [CP] Embed Pods Frameworks */,
			);
			buildRules = (
			);
			dependencies = (
				47DA4B502378A760005C5280 /* PBXTargetDependency */,
			);
			name = PopcornUITests;
			productName = PopcornUITests;
			productReference = 47DA4B4E2378A760005C5280 /* PopcornUITests.xctest */;
			productType = "com.apple.product-type.bundle.ui-testing";
		};
/* End PBXNativeTarget section */

/* Begin PBXProject section */
		47DA4B252378A75F005C5280 /* Project object */ = {
			isa = PBXProject;
			attributes = {
				LastSwiftUpdateCheck = 1120;
				LastUpgradeCheck = 1120;
				ORGANIZATIONNAME = "Cech, Jordan";
				TargetAttributes = {
					47DA4B2C2378A75F005C5280 = {
						CreatedOnToolsVersion = 11.2;
					};
					47DA4B422378A760005C5280 = {
						CreatedOnToolsVersion = 11.2;
						TestTargetID = 47DA4B2C2378A75F005C5280;
					};
					47DA4B4D2378A760005C5280 = {
						CreatedOnToolsVersion = 11.2;
						TestTargetID = 47DA4B2C2378A75F005C5280;
					};
				};
			};
			buildConfigurationList = 47DA4B282378A75F005C5280 /* Build configuration list for PBXProject "Popcorn" */;
			compatibilityVersion = "Xcode 9.3";
			developmentRegion = en;
			hasScannedForEncodings = 0;
			knownRegions = (
				en,
				Base,
			);
			mainGroup = 47DA4B242378A75F005C5280;
			productRefGroup = 47DA4B2E2378A75F005C5280 /* Products */;
			projectDirPath = "";
			projectRoot = "";
			targets = (
				47DA4B2C2378A75F005C5280 /* Popcorn */,
				47DA4B422378A760005C5280 /* PopcornTests */,
				47DA4B4D2378A760005C5280 /* PopcornUITests */,
			);
		};
/* End PBXProject section */

/* Begin PBXResourcesBuildPhase section */
		47DA4B2B2378A75F005C5280 /* Resources */ = {
			isa = PBXResourcesBuildPhase;
			buildActionMask = 2147483647;
			files = (
				47DA4B3D2378A760005C5280 /* LaunchScreen.storyboard in Resources */,
				4749428D237A0975005B7A05 /* Main.storyboard in Resources */,
				47DA4B372378A760005C5280 /* Assets.xcassets in Resources */,
			);
			runOnlyForDeploymentPostprocessing = 0;
		};
		47DA4B412378A760005C5280 /* Resources */ = {
			isa = PBXResourcesBuildPhase;
			buildActionMask = 2147483647;
			files = (
			);
			runOnlyForDeploymentPostprocessing = 0;
		};
		47DA4B4C2378A760005C5280 /* Resources */ = {
			isa = PBXResourcesBuildPhase;
			buildActionMask = 2147483647;
			files = (
			);
			runOnlyForDeploymentPostprocessing = 0;
		};
/* End PBXResourcesBuildPhase section */

/* Begin PBXShellScriptBuildPhase section */
		12CABA109646EFF834CE2B8A /* [CP] Check Pods Manifest.lock */ = {
			isa = PBXShellScriptBuildPhase;
			buildActionMask = 2147483647;
			files = (
			);
			inputFileListPaths = (
			);
			inputPaths = (
				"${PODS_PODFILE_DIR_PATH}/Podfile.lock",
				"${PODS_ROOT}/Manifest.lock",
			);
			name = "[CP] Check Pods Manifest.lock";
			outputFileListPaths = (
			);
			outputPaths = (
				"$(DERIVED_FILE_DIR)/Pods-Popcorn-checkManifestLockResult.txt",
			);
			runOnlyForDeploymentPostprocessing = 0;
			shellPath = /bin/sh;
			shellScript = "diff \"${PODS_PODFILE_DIR_PATH}/Podfile.lock\" \"${PODS_ROOT}/Manifest.lock\" > /dev/null\nif [ $? != 0 ] ; then\n    # print error to STDERR\n    echo \"error: The sandbox is not in sync with the Podfile.lock. Run 'pod install' or update your CocoaPods installation.\" >&2\n    exit 1\nfi\n# This output is used by Xcode 'outputs' to avoid re-running this script phase.\necho \"SUCCESS\" > \"${SCRIPT_OUTPUT_FILE_0}\"\n";
			showEnvVarsInLog = 0;
		};
		2B81E19537D03FA8940811CF /* [CP] Embed Pods Frameworks */ = {
			isa = PBXShellScriptBuildPhase;
			buildActionMask = 2147483647;
			files = (
			);
			inputFileListPaths = (
				"${PODS_ROOT}/Target Support Files/Pods-Popcorn-PopcornUITests/Pods-Popcorn-PopcornUITests-frameworks-${CONFIGURATION}-input-files.xcfilelist",
			);
			name = "[CP] Embed Pods Frameworks";
			outputFileListPaths = (
				"${PODS_ROOT}/Target Support Files/Pods-Popcorn-PopcornUITests/Pods-Popcorn-PopcornUITests-frameworks-${CONFIGURATION}-output-files.xcfilelist",
			);
			runOnlyForDeploymentPostprocessing = 0;
			shellPath = /bin/sh;
			shellScript = "\"${PODS_ROOT}/Target Support Files/Pods-Popcorn-PopcornUITests/Pods-Popcorn-PopcornUITests-frameworks.sh\"\n";
			showEnvVarsInLog = 0;
		};
		BAF53FBE19ACF033A8019DD7 /* [CP] Embed Pods Frameworks */ = {
			isa = PBXShellScriptBuildPhase;
			buildActionMask = 2147483647;
			files = (
			);
			inputFileListPaths = (
				"${PODS_ROOT}/Target Support Files/Pods-Popcorn/Pods-Popcorn-frameworks-${CONFIGURATION}-input-files.xcfilelist",
			);
			name = "[CP] Embed Pods Frameworks";
			outputFileListPaths = (
				"${PODS_ROOT}/Target Support Files/Pods-Popcorn/Pods-Popcorn-frameworks-${CONFIGURATION}-output-files.xcfilelist",
			);
			runOnlyForDeploymentPostprocessing = 0;
			shellPath = /bin/sh;
			shellScript = "\"${PODS_ROOT}/Target Support Files/Pods-Popcorn/Pods-Popcorn-frameworks.sh\"\n";
			showEnvVarsInLog = 0;
		};
		F6323BA99DE6AC2FB5B52706 /* [CP] Check Pods Manifest.lock */ = {
			isa = PBXShellScriptBuildPhase;
			buildActionMask = 2147483647;
			files = (
			);
			inputFileListPaths = (
			);
			inputPaths = (
				"${PODS_PODFILE_DIR_PATH}/Podfile.lock",
				"${PODS_ROOT}/Manifest.lock",
			);
			name = "[CP] Check Pods Manifest.lock";
			outputFileListPaths = (
			);
			outputPaths = (
				"$(DERIVED_FILE_DIR)/Pods-Popcorn-PopcornUITests-checkManifestLockResult.txt",
			);
			runOnlyForDeploymentPostprocessing = 0;
			shellPath = /bin/sh;
			shellScript = "diff \"${PODS_PODFILE_DIR_PATH}/Podfile.lock\" \"${PODS_ROOT}/Manifest.lock\" > /dev/null\nif [ $? != 0 ] ; then\n    # print error to STDERR\n    echo \"error: The sandbox is not in sync with the Podfile.lock. Run 'pod install' or update your CocoaPods installation.\" >&2\n    exit 1\nfi\n# This output is used by Xcode 'outputs' to avoid re-running this script phase.\necho \"SUCCESS\" > \"${SCRIPT_OUTPUT_FILE_0}\"\n";
			showEnvVarsInLog = 0;
		};
		F772C9EE38D638B687B3DA3E /* [CP] Check Pods Manifest.lock */ = {
			isa = PBXShellScriptBuildPhase;
			buildActionMask = 2147483647;
			files = (
			);
			inputFileListPaths = (
			);
			inputPaths = (
				"${PODS_PODFILE_DIR_PATH}/Podfile.lock",
				"${PODS_ROOT}/Manifest.lock",
			);
			name = "[CP] Check Pods Manifest.lock";
			outputFileListPaths = (
			);
			outputPaths = (
				"$(DERIVED_FILE_DIR)/Pods-PopcornTests-checkManifestLockResult.txt",
			);
			runOnlyForDeploymentPostprocessing = 0;
			shellPath = /bin/sh;
			shellScript = "diff \"${PODS_PODFILE_DIR_PATH}/Podfile.lock\" \"${PODS_ROOT}/Manifest.lock\" > /dev/null\nif [ $? != 0 ] ; then\n    # print error to STDERR\n    echo \"error: The sandbox is not in sync with the Podfile.lock. Run 'pod install' or update your CocoaPods installation.\" >&2\n    exit 1\nfi\n# This output is used by Xcode 'outputs' to avoid re-running this script phase.\necho \"SUCCESS\" > \"${SCRIPT_OUTPUT_FILE_0}\"\n";
			showEnvVarsInLog = 0;
		};
/* End PBXShellScriptBuildPhase section */

/* Begin PBXSourcesBuildPhase section */
		47DA4B292378A75F005C5280 /* Sources */ = {
			isa = PBXSourcesBuildPhase;
			buildActionMask = 2147483647;
			files = (
				47DA4B682378ADAA005C5280 /* MovieProtocol.swift in Sources */,
				47DA4B6B2378D30D005C5280 /* MovieApiProtocol.swift in Sources */,
				47DA4B312378A75F005C5280 /* AppDelegate.swift in Sources */,
				4749428F237A0DE5005B7A05 /* PopcornVC.swift in Sources */,
				47DA4B662378AD2E005C5280 /* Movie.swift in Sources */,
				47DA4B6F2378D38D005C5280 /* MovieApi.swift in Sources */,
				47DA4B742378D808005C5280 /* constants.swift in Sources */,
				474942B3237A26CE005B7A05 /* CategoryRow.swift in Sources */,
				474942B5237A364F005B7A05 /* MovieCell.swift in Sources */,
				474942B1237A14BE005B7A05 /* SceneDelegate.swift in Sources */,
			);
			runOnlyForDeploymentPostprocessing = 0;
		};
		47DA4B3F2378A760005C5280 /* Sources */ = {
			isa = PBXSourcesBuildPhase;
			buildActionMask = 2147483647;
			files = (
				47DA4B642378AC1E005C5280 /* MovieModelTest.swift in Sources */,
				47DA4B6D2378D348005C5280 /* MovieApiTest.swift in Sources */,
			);
			runOnlyForDeploymentPostprocessing = 0;
		};
		47DA4B4A2378A760005C5280 /* Sources */ = {
			isa = PBXSourcesBuildPhase;
			buildActionMask = 2147483647;
			files = (
				47DA4B532378A760005C5280 /* PopcornUITests.swift in Sources */,
			);
			runOnlyForDeploymentPostprocessing = 0;
		};
/* End PBXSourcesBuildPhase section */

/* Begin PBXTargetDependency section */
		47DA4B452378A760005C5280 /* PBXTargetDependency */ = {
			isa = PBXTargetDependency;
			target = 47DA4B2C2378A75F005C5280 /* Popcorn */;
			targetProxy = 47DA4B442378A760005C5280 /* PBXContainerItemProxy */;
		};
		47DA4B502378A760005C5280 /* PBXTargetDependency */ = {
			isa = PBXTargetDependency;
			target = 47DA4B2C2378A75F005C5280 /* Popcorn */;
			targetProxy = 47DA4B4F2378A760005C5280 /* PBXContainerItemProxy */;
		};
/* End PBXTargetDependency section */

/* Begin PBXVariantGroup section */
		47DA4B3B2378A760005C5280 /* LaunchScreen.storyboard */ = {
			isa = PBXVariantGroup;
			children = (
				47DA4B3C2378A760005C5280 /* Base */,
			);
			name = LaunchScreen.storyboard;
			sourceTree = "<group>";
		};
/* End PBXVariantGroup section */

/* Begin XCBuildConfiguration section */
		47DA4B552378A760005C5280 /* Debug */ = {
			isa = XCBuildConfiguration;
			buildSettings = {
				ALWAYS_SEARCH_USER_PATHS = NO;
				CLANG_ANALYZER_NONNULL = YES;
				CLANG_ANALYZER_NUMBER_OBJECT_CONVERSION = YES_AGGRESSIVE;
				CLANG_CXX_LANGUAGE_STANDARD = "gnu++14";
				CLANG_CXX_LIBRARY = "libc++";
				CLANG_ENABLE_MODULES = YES;
				CLANG_ENABLE_OBJC_ARC = YES;
				CLANG_ENABLE_OBJC_WEAK = YES;
				CLANG_WARN_BLOCK_CAPTURE_AUTORELEASING = YES;
				CLANG_WARN_BOOL_CONVERSION = YES;
				CLANG_WARN_COMMA = YES;
				CLANG_WARN_CONSTANT_CONVERSION = YES;
				CLANG_WARN_DEPRECATED_OBJC_IMPLEMENTATIONS = YES;
				CLANG_WARN_DIRECT_OBJC_ISA_USAGE = YES_ERROR;
				CLANG_WARN_DOCUMENTATION_COMMENTS = YES;
				CLANG_WARN_EMPTY_BODY = YES;
				CLANG_WARN_ENUM_CONVERSION = YES;
				CLANG_WARN_INFINITE_RECURSION = YES;
				CLANG_WARN_INT_CONVERSION = YES;
				CLANG_WARN_NON_LITERAL_NULL_CONVERSION = YES;
				CLANG_WARN_OBJC_IMPLICIT_RETAIN_SELF = YES;
				CLANG_WARN_OBJC_LITERAL_CONVERSION = YES;
				CLANG_WARN_OBJC_ROOT_CLASS = YES_ERROR;
				CLANG_WARN_RANGE_LOOP_ANALYSIS = YES;
				CLANG_WARN_STRICT_PROTOTYPES = YES;
				CLANG_WARN_SUSPICIOUS_MOVE = YES;
				CLANG_WARN_UNGUARDED_AVAILABILITY = YES_AGGRESSIVE;
				CLANG_WARN_UNREACHABLE_CODE = YES;
				CLANG_WARN__DUPLICATE_METHOD_MATCH = YES;
				COPY_PHASE_STRIP = NO;
				DEBUG_INFORMATION_FORMAT = dwarf;
				ENABLE_STRICT_OBJC_MSGSEND = YES;
				ENABLE_TESTABILITY = YES;
				GCC_C_LANGUAGE_STANDARD = gnu11;
				GCC_DYNAMIC_NO_PIC = NO;
				GCC_NO_COMMON_BLOCKS = YES;
				GCC_OPTIMIZATION_LEVEL = 0;
				GCC_PREPROCESSOR_DEFINITIONS = (
					"DEBUG=1",
					"$(inherited)",
				);
				GCC_WARN_64_TO_32_BIT_CONVERSION = YES;
				GCC_WARN_ABOUT_RETURN_TYPE = YES_ERROR;
				GCC_WARN_UNDECLARED_SELECTOR = YES;
				GCC_WARN_UNINITIALIZED_AUTOS = YES_AGGRESSIVE;
				GCC_WARN_UNUSED_FUNCTION = YES;
				GCC_WARN_UNUSED_VARIABLE = YES;
				IPHONEOS_DEPLOYMENT_TARGET = 13.2;
				MTL_ENABLE_DEBUG_INFO = INCLUDE_SOURCE;
				MTL_FAST_MATH = YES;
				ONLY_ACTIVE_ARCH = YES;
				SDKROOT = iphoneos;
				SWIFT_ACTIVE_COMPILATION_CONDITIONS = DEBUG;
				SWIFT_OPTIMIZATION_LEVEL = "-Onone";
			};
			name = Debug;
		};
		47DA4B562378A760005C5280 /* Release */ = {
			isa = XCBuildConfiguration;
			buildSettings = {
				ALWAYS_SEARCH_USER_PATHS = NO;
				CLANG_ANALYZER_NONNULL = YES;
				CLANG_ANALYZER_NUMBER_OBJECT_CONVERSION = YES_AGGRESSIVE;
				CLANG_CXX_LANGUAGE_STANDARD = "gnu++14";
				CLANG_CXX_LIBRARY = "libc++";
				CLANG_ENABLE_MODULES = YES;
				CLANG_ENABLE_OBJC_ARC = YES;
				CLANG_ENABLE_OBJC_WEAK = YES;
				CLANG_WARN_BLOCK_CAPTURE_AUTORELEASING = YES;
				CLANG_WARN_BOOL_CONVERSION = YES;
				CLANG_WARN_COMMA = YES;
				CLANG_WARN_CONSTANT_CONVERSION = YES;
				CLANG_WARN_DEPRECATED_OBJC_IMPLEMENTATIONS = YES;
				CLANG_WARN_DIRECT_OBJC_ISA_USAGE = YES_ERROR;
				CLANG_WARN_DOCUMENTATION_COMMENTS = YES;
				CLANG_WARN_EMPTY_BODY = YES;
				CLANG_WARN_ENUM_CONVERSION = YES;
				CLANG_WARN_INFINITE_RECURSION = YES;
				CLANG_WARN_INT_CONVERSION = YES;
				CLANG_WARN_NON_LITERAL_NULL_CONVERSION = YES;
				CLANG_WARN_OBJC_IMPLICIT_RETAIN_SELF = YES;
				CLANG_WARN_OBJC_LITERAL_CONVERSION = YES;
				CLANG_WARN_OBJC_ROOT_CLASS = YES_ERROR;
				CLANG_WARN_RANGE_LOOP_ANALYSIS = YES;
				CLANG_WARN_STRICT_PROTOTYPES = YES;
				CLANG_WARN_SUSPICIOUS_MOVE = YES;
				CLANG_WARN_UNGUARDED_AVAILABILITY = YES_AGGRESSIVE;
				CLANG_WARN_UNREACHABLE_CODE = YES;
				CLANG_WARN__DUPLICATE_METHOD_MATCH = YES;
				COPY_PHASE_STRIP = NO;
				DEBUG_INFORMATION_FORMAT = "dwarf-with-dsym";
				ENABLE_NS_ASSERTIONS = NO;
				ENABLE_STRICT_OBJC_MSGSEND = YES;
				GCC_C_LANGUAGE_STANDARD = gnu11;
				GCC_NO_COMMON_BLOCKS = YES;
				GCC_WARN_64_TO_32_BIT_CONVERSION = YES;
				GCC_WARN_ABOUT_RETURN_TYPE = YES_ERROR;
				GCC_WARN_UNDECLARED_SELECTOR = YES;
				GCC_WARN_UNINITIALIZED_AUTOS = YES_AGGRESSIVE;
				GCC_WARN_UNUSED_FUNCTION = YES;
				GCC_WARN_UNUSED_VARIABLE = YES;
				IPHONEOS_DEPLOYMENT_TARGET = 13.2;
				MTL_ENABLE_DEBUG_INFO = NO;
				MTL_FAST_MATH = YES;
				SDKROOT = iphoneos;
				SWIFT_COMPILATION_MODE = wholemodule;
				SWIFT_OPTIMIZATION_LEVEL = "-O";
				VALIDATE_PRODUCT = YES;
			};
			name = Release;
		};
		47DA4B582378A760005C5280 /* Debug */ = {
			isa = XCBuildConfiguration;
			baseConfigurationReference = C9FF73D4A5D54C28CD2C02F6 /* Pods-Popcorn.debug.xcconfig */;
			buildSettings = {
				ASSETCATALOG_COMPILER_APPICON_NAME = AppIcon;
				CODE_SIGN_STYLE = Automatic;
				DEVELOPMENT_TEAM = 88CU63AVYG;
				ENABLE_PREVIEWS = YES;
				INFOPLIST_FILE = Popcorn/Info.plist;
				LD_RUNPATH_SEARCH_PATHS = (
					"$(inherited)",
					"@executable_path/Frameworks",
				);
				PRODUCT_BUNDLE_IDENTIFIER = "com.jordan-cech.Popcorn";
				PRODUCT_NAME = "$(TARGET_NAME)";
				SWIFT_VERSION = 5.0;
				TARGETED_DEVICE_FAMILY = "1,2";
			};
			name = Debug;
		};
		47DA4B592378A760005C5280 /* Release */ = {
			isa = XCBuildConfiguration;
			baseConfigurationReference = B26D98F650AC11B7EBC9A082 /* Pods-Popcorn.release.xcconfig */;
			buildSettings = {
				ASSETCATALOG_COMPILER_APPICON_NAME = AppIcon;
				CODE_SIGN_STYLE = Automatic;
				DEVELOPMENT_TEAM = 88CU63AVYG;
				ENABLE_PREVIEWS = YES;
				INFOPLIST_FILE = Popcorn/Info.plist;
				LD_RUNPATH_SEARCH_PATHS = (
					"$(inherited)",
					"@executable_path/Frameworks",
				);
				PRODUCT_BUNDLE_IDENTIFIER = "com.jordan-cech.Popcorn";
				PRODUCT_NAME = "$(TARGET_NAME)";
				SWIFT_VERSION = 5.0;
				TARGETED_DEVICE_FAMILY = "1,2";
			};
			name = Release;
		};
		47DA4B5B2378A760005C5280 /* Debug */ = {
			isa = XCBuildConfiguration;
			baseConfigurationReference = AA974E0C72C48E2D3CDA60A2 /* Pods-PopcornTests.debug.xcconfig */;
			buildSettings = {
				ALWAYS_EMBED_SWIFT_STANDARD_LIBRARIES = YES;
				BUNDLE_LOADER = "$(TEST_HOST)";
				CODE_SIGN_STYLE = Automatic;
				DEVELOPMENT_TEAM = 88CU63AVYG;
				INFOPLIST_FILE = PopcornTests/Info.plist;
				IPHONEOS_DEPLOYMENT_TARGET = 13.2;
				LD_RUNPATH_SEARCH_PATHS = (
					"$(inherited)",
					"@executable_path/Frameworks",
					"@loader_path/Frameworks",
				);
				PRODUCT_BUNDLE_IDENTIFIER = "com.jordan-cech.PopcornTests";
				PRODUCT_NAME = "$(TARGET_NAME)";
				SWIFT_VERSION = 5.0;
				TARGETED_DEVICE_FAMILY = "1,2";
				TEST_HOST = "$(BUILT_PRODUCTS_DIR)/Popcorn.app/Popcorn";
			};
			name = Debug;
		};
		47DA4B5C2378A760005C5280 /* Release */ = {
			isa = XCBuildConfiguration;
			baseConfigurationReference = 823EDF94CBEB0A25D354B651 /* Pods-PopcornTests.release.xcconfig */;
			buildSettings = {
				ALWAYS_EMBED_SWIFT_STANDARD_LIBRARIES = YES;
				BUNDLE_LOADER = "$(TEST_HOST)";
				CODE_SIGN_STYLE = Automatic;
				DEVELOPMENT_TEAM = 88CU63AVYG;
				INFOPLIST_FILE = PopcornTests/Info.plist;
				IPHONEOS_DEPLOYMENT_TARGET = 13.2;
				LD_RUNPATH_SEARCH_PATHS = (
					"$(inherited)",
					"@executable_path/Frameworks",
					"@loader_path/Frameworks",
				);
				PRODUCT_BUNDLE_IDENTIFIER = "com.jordan-cech.PopcornTests";
				PRODUCT_NAME = "$(TARGET_NAME)";
				SWIFT_VERSION = 5.0;
				TARGETED_DEVICE_FAMILY = "1,2";
				TEST_HOST = "$(BUILT_PRODUCTS_DIR)/Popcorn.app/Popcorn";
			};
			name = Release;
		};
		47DA4B5E2378A760005C5280 /* Debug */ = {
			isa = XCBuildConfiguration;
			baseConfigurationReference = 85D0AE52EECEF8AE477CD9C3 /* Pods-Popcorn-PopcornUITests.debug.xcconfig */;
			buildSettings = {
				ALWAYS_EMBED_SWIFT_STANDARD_LIBRARIES = YES;
				CODE_SIGN_STYLE = Automatic;
				DEVELOPMENT_TEAM = 88CU63AVYG;
				INFOPLIST_FILE = PopcornUITests/Info.plist;
				LD_RUNPATH_SEARCH_PATHS = (
					"$(inherited)",
					"@executable_path/Frameworks",
					"@loader_path/Frameworks",
				);
				PRODUCT_BUNDLE_IDENTIFIER = "com.jordan-cech.PopcornUITests";
				PRODUCT_NAME = "$(TARGET_NAME)";
				SWIFT_VERSION = 5.0;
				TARGETED_DEVICE_FAMILY = "1,2";
				TEST_TARGET_NAME = Popcorn;
			};
			name = Debug;
		};
		47DA4B5F2378A760005C5280 /* Release */ = {
			isa = XCBuildConfiguration;
			baseConfigurationReference = 7A39A0A7A9B28EBD93EB6664 /* Pods-Popcorn-PopcornUITests.release.xcconfig */;
			buildSettings = {
				ALWAYS_EMBED_SWIFT_STANDARD_LIBRARIES = YES;
				CODE_SIGN_STYLE = Automatic;
				DEVELOPMENT_TEAM = 88CU63AVYG;
				INFOPLIST_FILE = PopcornUITests/Info.plist;
				LD_RUNPATH_SEARCH_PATHS = (
					"$(inherited)",
					"@executable_path/Frameworks",
					"@loader_path/Frameworks",
				);
				PRODUCT_BUNDLE_IDENTIFIER = "com.jordan-cech.PopcornUITests";
				PRODUCT_NAME = "$(TARGET_NAME)";
				SWIFT_VERSION = 5.0;
				TARGETED_DEVICE_FAMILY = "1,2";
				TEST_TARGET_NAME = Popcorn;
			};
			name = Release;
		};
/* End XCBuildConfiguration section */

/* Begin XCConfigurationList section */
		47DA4B282378A75F005C5280 /* Build configuration list for PBXProject "Popcorn" */ = {
			isa = XCConfigurationList;
			buildConfigurations = (
				47DA4B552378A760005C5280 /* Debug */,
				47DA4B562378A760005C5280 /* Release */,
			);
			defaultConfigurationIsVisible = 0;
			defaultConfigurationName = Release;
		};
		47DA4B572378A760005C5280 /* Build configuration list for PBXNativeTarget "Popcorn" */ = {
			isa = XCConfigurationList;
			buildConfigurations = (
				47DA4B582378A760005C5280 /* Debug */,
				47DA4B592378A760005C5280 /* Release */,
			);
			defaultConfigurationIsVisible = 0;
			defaultConfigurationName = Release;
		};
		47DA4B5A2378A760005C5280 /* Build configuration list for PBXNativeTarget "PopcornTests" */ = {
			isa = XCConfigurationList;
			buildConfigurations = (
				47DA4B5B2378A760005C5280 /* Debug */,
				47DA4B5C2378A760005C5280 /* Release */,
			);
			defaultConfigurationIsVisible = 0;
			defaultConfigurationName = Release;
		};
		47DA4B5D2378A760005C5280 /* Build configuration list for PBXNativeTarget "PopcornUITests" */ = {
			isa = XCConfigurationList;
			buildConfigurations = (
				47DA4B5E2378A760005C5280 /* Debug */,
				47DA4B5F2378A760005C5280 /* Release */,
			);
			defaultConfigurationIsVisible = 0;
			defaultConfigurationName = Release;
		};
/* End XCConfigurationList section */
	};
	rootObject = 47DA4B252378A75F005C5280 /* Project object */;
}
